
Microsoft Visual Studio Solution File, Format Version 12.00
# Visual Studio Version 17
VisualStudioVersion = 17.8.34330.188
MinimumVisualStudioVersion = 10.0.40219.1
Project("{FAE04EC0-301F-11D3-BF4B-00C04F79EFBC}") = "Mebel", "Mebel\Mebel.csproj", "{49001F1F-85DF-4708-B90E-70517B22B08A}"
EndProject
Global
	GlobalSection(SolutionConfigurationPlatforms) = preSolution
		Debug|Any CPU = Debug|Any CPU
		Release|Any CPU = Release|Any CPU
	EndGlobalSection
	GlobalSection(ProjectConfigurationPlatforms) = postSolution
		{49001F1F-85DF-4708-B90E-70517B22B08A}.Debug|Any CPU.ActiveCfg = Debug|Any CPU
		{49001F1F-85DF-4708-B90E-70517B22B08A}.Debug|Any CPU.Build.0 = Debug|Any CPU
		{49001F1F-85DF-4708-B90E-70517B22B08A}.Release|Any CPU.ActiveCfg = Release|Any CPU
		{49001F1F-85DF-4708-B90E-70517B22B08A}.Release|Any CPU.Build.0 = Release|Any CPU
	EndGlobalSection
	GlobalSection(SolutionProperties) = preSolution
		HideSolutionNode = FALSE
	EndGlobalSection
	GlobalSection(ExtensibilityGlobals) = postSolution
		SolutionGuid = {3F471F36-FCED-416E-AFFC-D5B2D926C16F}
	EndGlobalSection
EndGlobal
